{
    "name": "@tractorzoom/theme",
    "version": "1.1.1",
    "lockfileVersion": 1,
    "requires": true,
    "dependencies": {
        "@fontsource/inter": {
            "version": "4.2.2",
            "resolved": "https://registry.npmjs.org/@fontsource/inter/-/inter-4.2.2.tgz",
            "integrity": "sha512-lvR1PQe+8FTTd3YRW84KGcgUR8leZ7S3aY+51MQ90MQHI0VQe3cDH6T6jjs1qTm+wPmWfdSVjN8ugvNZpGUnvA=="
        }
    }
}
